hash: e16e99dc57c0e99edc54d40c7e50cceda73430171c66a40cc4e4007c3df7bac2
updated: 2017-06-13T23:19:10.872945564-07:00
imports:
- name: github.com/daaku/go.zipexe
  version: a5fe2436ffcb3236e175e5149162b41cd28bd27d
- name: github.com/GeertJohan/go.rice
  version: c02ca9a983da5807ddf7d796784928f5be4afd09
  subpackages:
  - embedded
- name: github.com/google/gopacket
  version: e20408befa7dcef61c3c35f53df06d3f8a194e60
  subpackages:
  - layers
  - pcap
- name: github.com/gorilla/context
  version: 08b5f424b9271eedf6f9f0ce86cb9396ed337a42
- name: github.com/gorilla/mux
  version: bcd8bc72b08df0f70df986b97f95590779502d31
- name: github.com/gorilla/websocket
  version: 3ab3a8b8831546bd18fd182c20687ca853b2bb13
- name: github.com/kardianos/osext
  version: ae77be60afb1dcacde03767a8c37337fad28ac14
- name: github.com/sirupsen/logrus
  version: 202f25545ea4cf9b191ff7f846df5d87c9382c2b
- name: go.evanpurkhiser.com/prolink
  version: 4e4de0c147eb15e0d76fcd30f3793cc23e9bedd5
  subpackages:
  - bpm
  - trackstatus
- name: golang.org/x/sys
  version: 0b25a408a50076fbbcae6b7ac0ea5fbb0b085e79
  subpackages:
  - unix
testImports: []
